
Microsoft Visual Studio Solution File, Format Version 12.00
Project("{FAE04EC0-301F-11D3-BF4B-00C04F79EFBC}") = "Calculator.Desktop", "Calculator.Desktop\Calculator.Desktop.csproj", "{DB83F8E6-5E42-4CDA-8FDB-49BD469B0EA8}"
EndProject
Project("{FAE04EC0-301F-11D3-BF4B-00C04F79EFBC}") = "Calculator.Core", "Calculator.Core\Calculator.Core.csproj", "{79F209E8-632E-4296-AE67-00952440991F}"
EndProject
Global
	GlobalSection(SolutionConfigurationPlatforms) = preSolution
		Debug|Any CPU = Debug|Any CPU
		Release|Any CPU = Release|Any CPU
	EndGlobalSection
	GlobalSection(ProjectConfigurationPlatforms) = postSolution
		{DB83F8E6-5E42-4CDA-8FDB-49BD469B0EA8}.Debug|Any CPU.ActiveCfg = Debug|Any CPU
		{DB83F8E6-5E42-4CDA-8FDB-49BD469B0EA8}.Debug|Any CPU.Build.0 = Debug|Any CPU
		{DB83F8E6-5E42-4CDA-8FDB-49BD469B0EA8}.Release|Any CPU.ActiveCfg = Release|Any CPU
		{DB83F8E6-5E42-4CDA-8FDB-49BD469B0EA8}.Release|Any CPU.Build.0 = Release|Any CPU
		{79F209E8-632E-4296-AE67-00952440991F}.Debug|Any CPU.ActiveCfg = Debug|Any CPU
		{79F209E8-632E-4296-AE67-00952440991F}.Debug|Any CPU.Build.0 = Debug|Any CPU
		{79F209E8-632E-4296-AE67-00952440991F}.Release|Any CPU.ActiveCfg = Release|Any CPU
		{79F209E8-632E-4296-AE67-00952440991F}.Release|Any CPU.Build.0 = Release|Any CPU
	EndGlobalSection
EndGlobal
